{
  "name": "my-project",
  "lockfileVersion": 3,
  "requires": true,
  "packages": {
    "": {
      "dependencies": {
        "@xania/state": "^0.1.58",
        "@xania/view": "^0.4.31"
      }
    },
    "node_modules/@xania/state": {
      "version": "0.1.58",
      "resolved": "https://registry.npmjs.org/@xania/state/-/state-0.1.58.tgz",
      "integrity": "sha512-vM9V/eZmPjYjmXCuPrVf74Ki9RuVuSspVqIZPE7mxx5kWbUMPDRBuJk72AyaTQNq1z19dmyOkAf8fIGSwzc7dQ==",
      "engines": {
        "node": ">=10"
      }
    },
    "node_modules/@xania/view": {
      "version": "0.4.31",
      "resolved": "https://registry.npmjs.org/@xania/view/-/view-0.4.31.tgz",
      "integrity": "sha512-kyNDowE2F9P89u4xmDS6ZrChfSSbv9BhO0FHdKLM376LSl/Qqo00cmsnG8ohoUz6873IxCQbWI18LfgJ9YmNtw==",
      "engines": {
        "node": ">=10"
      }
    }
  }
}
